// !$*UTF8*$!
{
	archiveVersion = 1;
	classes = {
	};
	objectVersion = 56;
	objects = {

/* Begin PBXBuildFile section */
		DF0FC0A82C017B670077E0E8 /* Assets.xcassets in Resources */ = {isa = PBXBuildFile; fileRef = DF0FC0A72C017B670077E0E8 /* Assets.xcassets */; };
		DF0FC0AB2C017C040077E0E8 /* Color.swift in Sources */ = {isa = PBXBuildFile; fileRef = DF0FC0AA2C017C040077E0E8 /* Color.swift */; };
		DF0FC0B12C017E450077E0E8 /* HomeView.swift in Sources */ = {isa = PBXBuildFile; fileRef = DF0FC0B02C017E450077E0E8 /* HomeView.swift */; };
		DF0FC0B52C0180160077E0E8 /* CircleButtonView.swift in Sources */ = {isa = PBXBuildFile; fileRef = DF0FC0B42C0180160077E0E8 /* CircleButtonView.swift */; };
		DF0FC0B72C018DEE0077E0E8 /* CircleButtonAnimationView.swift in Sources */ = {isa = PBXBuildFile; fileRef = DF0FC0B62C018DEE0077E0E8 /* CircleButtonAnimationView.swift */; };
		DF0FC0BA2C0222A10077E0E8 /* CoinModel.swift in Sources */ = {isa = PBXBuildFile; fileRef = DF0FC0B92C0222A10077E0E8 /* CoinModel.swift */; };
		DF0FC0BC2C0227CA0077E0E8 /* CoinRawView.swift in Sources */ = {isa = PBXBuildFile; fileRef = DF0FC0BB2C0227CA0077E0E8 /* CoinRawView.swift */; };
		DF0FC0BE2C02282F0077E0E8 /* PreviewProvider.swift in Sources */ = {isa = PBXBuildFile; fileRef = DF0FC0BD2C02282F0077E0E8 /* PreviewProvider.swift */; };
		DF0FC0C02C022BAC0077E0E8 /* Double.swift in Sources */ = {isa = PBXBuildFile; fileRef = DF0FC0BF2C022BAC0077E0E8 /* Double.swift */; };
		DF0FC0C22C0241AA0077E0E8 /* HomeViewModel.swift in Sources */ = {isa = PBXBuildFile; fileRef = DF0FC0C12C0241AA0077E0E8 /* HomeViewModel.swift */; };
		DF0FC0C52C0251860077E0E8 /* CoinDataService.swift in Sources */ = {isa = PBXBuildFile; fileRef = DF0FC0C42C0251860077E0E8 /* CoinDataService.swift */; };
		DF7A5EC92C1E751900455D8D /* DetailView.swift in Sources */ = {isa = PBXBuildFile; fileRef = DF7A5EC82C1E751900455D8D /* DetailView.swift */; };
		DF7A5ECB2C1E90DB00455D8D /* DetailViewModel.swift in Sources */ = {isa = PBXBuildFile; fileRef = DF7A5ECA2C1E90DB00455D8D /* DetailViewModel.swift */; };
		DF7A5ECD2C1E914A00455D8D /* CoinDetailsModel.swift in Sources */ = {isa = PBXBuildFile; fileRef = DF7A5ECC2C1E914A00455D8D /* CoinDetailsModel.swift */; };
		DF7A5ECF2C1E922300455D8D /* CoinDetailDataService.swift in Sources */ = {isa = PBXBuildFile; fileRef = DF7A5ECE2C1E922300455D8D /* CoinDetailDataService.swift */; };
		DF7A5ED12C1FE3EB00455D8D /* ChartView.swift in Sources */ = {isa = PBXBuildFile; fileRef = DF7A5ED02C1FE3EB00455D8D /* ChartView.swift */; };
		DF7A5ED32C264D0200455D8D /* Date.swift in Sources */ = {isa = PBXBuildFile; fileRef = DF7A5ED22C264D0100455D8D /* Date.swift */; };
		DF8718B42C12849F00790CBF /* XMarkButton.swift in Sources */ = {isa = PBXBuildFile; fileRef = DF8718B32C12849F00790CBF /* XMarkButton.swift */; };
		DF8718B62C12A0E300790CBF /* CoinLogoView.swift in Sources */ = {isa = PBXBuildFile; fileRef = DF8718B52C12A0E300790CBF /* CoinLogoView.swift */; };
		DFA4DD482C0A6410004DB1D5 /* NetworkManager.swift in Sources */ = {isa = PBXBuildFile; fileRef = DFA4DD472C0A6410004DB1D5 /* NetworkManager.swift */; };
		DFA4DD4A2C0A650A004DB1D5 /* NetworkManagerProtcol.swift in Sources */ = {isa = PBXBuildFile; fileRef = DFA4DD492C0A650A004DB1D5 /* NetworkManagerProtcol.swift */; };
		DFA4DD4C2C0A6C2F004DB1D5 /* MOCKS.swift in Sources */ = {isa = PBXBuildFile; fileRef = DFA4DD4B2C0A6C2F004DB1D5 /* MOCKS.swift */; };
		DFA4DD4E2C0A6D7F004DB1D5 /* CoinDataServiceTests.swift in Sources */ = {isa = PBXBuildFile; fileRef = DFA4DD4D2C0A6D7F004DB1D5 /* CoinDataServiceTests.swift */; };
		DFA4DD572C0AACEE004DB1D5 /* Kingfisher in Frameworks */ = {isa = PBXBuildFile; productRef = DFA4DD562C0AACEE004DB1D5 /* Kingfisher */; };
		DFA4DD592C0AB9C9004DB1D5 /* SearchBarView.swift in Sources */ = {isa = PBXBuildFile; fileRef = DFA4DD582C0AB9C9004DB1D5 /* SearchBarView.swift */; };
		DFA4DD5B2C0AC077004DB1D5 /* UIApplication.swift in Sources */ = {isa = PBXBuildFile; fileRef = DFA4DD5A2C0AC077004DB1D5 /* UIApplication.swift */; };
		DFA4DD5D2C0ACB1F004DB1D5 /* StatisticModel.swift in Sources */ = {isa = PBXBuildFile; fileRef = DFA4DD5C2C0ACB1F004DB1D5 /* StatisticModel.swift */; };
		DFA4DD5F2C0ACBB4004DB1D5 /* StatsisticView.swift in Sources */ = {isa = PBXBuildFile; fileRef = DFA4DD5E2C0ACBB4004DB1D5 /* StatsisticView.swift */; };
		DFA4DD612C0B5BD6004DB1D5 /* HomeStatsView.swift in Sources */ = {isa = PBXBuildFile; fileRef = DFA4DD602C0B5BD6004DB1D5 /* HomeStatsView.swift */; };
		DFA4DD632C0B5F5A004DB1D5 /* MarketDataModel.swift in Sources */ = {isa = PBXBuildFile; fileRef = DFA4DD622C0B5F5A004DB1D5 /* MarketDataModel.swift */; };
		DFA4DD652C0B6059004DB1D5 /* MarketDataService.swift in Sources */ = {isa = PBXBuildFile; fileRef = DFA4DD642C0B6059004DB1D5 /* MarketDataService.swift */; };
		DFA4DD672C0B7135004DB1D5 /* PortfolioView.swift in Sources */ = {isa = PBXBuildFile; fileRef = DFA4DD662C0B7135004DB1D5 /* PortfolioView.swift */; };
		DFAE537F2C01718E003C5D6C /* CryptoTrackerApp.swift in Sources */ = {isa = PBXBuildFile; fileRef = DFAE537E2C01718E003C5D6C /* CryptoTrackerApp.swift */; };
		DFAE53862C01718F003C5D6C /* Preview Assets.xcassets in Resources */ = {isa = PBXBuildFile; fileRef = DFAE53852C01718F003C5D6C /* Preview Assets.xcassets */; };
		DFE9E10C2C1C7C2900278D1C /* PortfolioContainer.xcdatamodeld in Sources */ = {isa = PBXBuildFile; fileRef = DFE9E10A2C1C7C2800278D1C /* PortfolioContainer.xcdatamodeld */; };
		DFE9E10E2C1C886A00278D1C /* PortfolioDataService.swift in Sources */ = {isa = PBXBuildFile; fileRef = DFE9E10D2C1C886A00278D1C /* PortfolioDataService.swift */; };
/* End PBXBuildFile section */

/* Begin PBXContainerItemProxy section */
		DFAE538C2C017190003C5D6C /* PBXContainerItemProxy */ = {
			isa = PBXContainerItemProxy;
			containerPortal = DFAE53732C01718E003C5D6C /* Project object */;
			proxyType = 1;
			remoteGlobalIDString = DFAE537A2C01718E003C5D6C;
			remoteInfo = CryptoTracker;
		};
/* End PBXContainerItemProxy section */

/* Begin PBXFileReference section */
		DF0FC0A72C017B670077E0E8 /* Assets.xcassets */ = {isa = PBXFileReference; lastKnownFileType = folder.assetcatalog; name = Assets.xcassets; path = ../../../../Downloads/Resources/Assets.xcassets; sourceTree = "<group>"; };
		DF0FC0AA2C017C040077E0E8 /* Color.swift */ = {isa = PBXFileReference; lastKnownFileType = sourcecode.swift; path = Color.swift; sourceTree = "<group>"; };
		DF0FC0B02C017E450077E0E8 /* HomeView.swift */ = {isa = PBXFileReference; lastKnownFileType = sourcecode.swift; path = HomeView.swift; sourceTree = "<group>"; };
		DF0FC0B42C0180160077E0E8 /* CircleButtonView.swift */ = {isa = PBXFileReference; lastKnownFileType = sourcecode.swift; path = CircleButtonView.swift; sourceTree = "<group>"; };
		DF0FC0B62C018DEE0077E0E8 /* CircleButtonAnimationView.swift */ = {isa = PBXFileReference; lastKnownFileType = sourcecode.swift; path = CircleButtonAnimationView.swift; sourceTree = "<group>"; };
		DF0FC0B92C0222A10077E0E8 /* CoinModel.swift */ = {isa = PBXFileReference; lastKnownFileType = sourcecode.swift; path = CoinModel.swift; sourceTree = "<group>"; };
		DF0FC0BB2C0227CA0077E0E8 /* CoinRawView.swift */ = {isa = PBXFileReference; lastKnownFileType = sourcecode.swift; path = CoinRawView.swift; sourceTree = "<group>"; };
		DF0FC0BD2C02282F0077E0E8 /* PreviewProvider.swift */ = {isa = PBXFileReference; lastKnownFileType = sourcecode.swift; path = PreviewProvider.swift; sourceTree = "<group>"; };
		DF0FC0BF2C022BAC0077E0E8 /* Double.swift */ = {isa = PBXFileReference; lastKnownFileType = sourcecode.swift; path = Double.swift; sourceTree = "<group>"; };
		DF0FC0C12C0241AA0077E0E8 /* HomeViewModel.swift */ = {isa = PBXFileReference; lastKnownFileType = sourcecode.swift; path = HomeViewModel.swift; sourceTree = "<group>"; };
		DF0FC0C42C0251860077E0E8 /* CoinDataService.swift */ = {isa = PBXFileReference; lastKnownFileType = sourcecode.swift; path = CoinDataService.swift; sourceTree = "<group>"; };
		DF7A5EC82C1E751900455D8D /* DetailView.swift */ = {isa = PBXFileReference; lastKnownFileType = sourcecode.swift; path = DetailView.swift; sourceTree = "<group>"; };
		DF7A5ECA2C1E90DB00455D8D /* DetailViewModel.swift */ = {isa = PBXFileReference; lastKnownFileType = sourcecode.swift; path = DetailViewModel.swift; sourceTree = "<group>"; };
		DF7A5ECC2C1E914A00455D8D /* CoinDetailsModel.swift */ = {isa = PBXFileReference; lastKnownFileType = sourcecode.swift; path = CoinDetailsModel.swift; sourceTree = "<group>"; };
		DF7A5ECE2C1E922300455D8D /* CoinDetailDataService.swift */ = {isa = PBXFileReference; lastKnownFileType = sourcecode.swift; path = CoinDetailDataService.swift; sourceTree = "<group>"; };
		DF7A5ED02C1FE3EB00455D8D /* ChartView.swift */ = {isa = PBXFileReference; lastKnownFileType = sourcecode.swift; path = ChartView.swift; sourceTree = "<group>"; };
		DF7A5ED22C264D0100455D8D /* Date.swift */ = {isa = PBXFileReference; lastKnownFileType = sourcecode.swift; path = Date.swift; sourceTree = "<group>"; };
		DF8718B32C12849F00790CBF /* XMarkButton.swift */ = {isa = PBXFileReference; lastKnownFileType = sourcecode.swift; path = XMarkButton.swift; sourceTree = "<group>"; };
		DF8718B52C12A0E300790CBF /* CoinLogoView.swift */ = {isa = PBXFileReference; lastKnownFileType = sourcecode.swift; path = CoinLogoView.swift; sourceTree = "<group>"; };
		DFA4DD472C0A6410004DB1D5 /* NetworkManager.swift */ = {isa = PBXFileReference; lastKnownFileType = sourcecode.swift; path = NetworkManager.swift; sourceTree = "<group>"; };
		DFA4DD492C0A650A004DB1D5 /* NetworkManagerProtcol.swift */ = {isa = PBXFileReference; lastKnownFileType = sourcecode.swift; path = NetworkManagerProtcol.swift; sourceTree = "<group>"; };
		DFA4DD4B2C0A6C2F004DB1D5 /* MOCKS.swift */ = {isa = PBXFileReference; lastKnownFileType = sourcecode.swift; path = MOCKS.swift; sourceTree = "<group>"; };
		DFA4DD4D2C0A6D7F004DB1D5 /* CoinDataServiceTests.swift */ = {isa = PBXFileReference; lastKnownFileType = sourcecode.swift; path = CoinDataServiceTests.swift; sourceTree = "<group>"; };
		DFA4DD582C0AB9C9004DB1D5 /* SearchBarView.swift */ = {isa = PBXFileReference; lastKnownFileType = sourcecode.swift; path = SearchBarView.swift; sourceTree = "<group>"; };
		DFA4DD5A2C0AC077004DB1D5 /* UIApplication.swift */ = {isa = PBXFileReference; lastKnownFileType = sourcecode.swift; path = UIApplication.swift; sourceTree = "<group>"; };
		DFA4DD5C2C0ACB1F004DB1D5 /* StatisticModel.swift */ = {isa = PBXFileReference; lastKnownFileType = sourcecode.swift; path = StatisticModel.swift; sourceTree = "<group>"; };
		DFA4DD5E2C0ACBB4004DB1D5 /* StatsisticView.swift */ = {isa = PBXFileReference; lastKnownFileType = sourcecode.swift; path = StatsisticView.swift; sourceTree = "<group>"; };
		DFA4DD602C0B5BD6004DB1D5 /* HomeStatsView.swift */ = {isa = PBXFileReference; lastKnownFileType = sourcecode.swift; path = HomeStatsView.swift; sourceTree = "<group>"; };
		DFA4DD622C0B5F5A004DB1D5 /* MarketDataModel.swift */ = {isa = PBXFileReference; lastKnownFileType = sourcecode.swift; path = MarketDataModel.swift; sourceTree = "<group>"; };
		DFA4DD642C0B6059004DB1D5 /* MarketDataService.swift */ = {isa = PBXFileReference; lastKnownFileType = sourcecode.swift; path = MarketDataService.swift; sourceTree = "<group>"; };
		DFA4DD662C0B7135004DB1D5 /* PortfolioView.swift */ = {isa = PBXFileReference; lastKnownFileType = sourcecode.swift; path = PortfolioView.swift; sourceTree = "<group>"; };
		DFAE537B2C01718E003C5D6C /* CryptoTracker.app */ = {isa = PBXFileReference; explicitFileType = wrapper.application; includeInIndex = 0; path = CryptoTracker.app; sourceTree = BUILT_PRODUCTS_DIR; };
		DFAE537E2C01718E003C5D6C /* CryptoTrackerApp.swift */ = {isa = PBXFileReference; lastKnownFileType = sourcecode.swift; path = CryptoTrackerApp.swift; sourceTree = "<group>"; };
		DFAE53852C01718F003C5D6C /* Preview Assets.xcassets */ = {isa = PBXFileReference; lastKnownFileType = folder.assetcatalog; path = "Preview Assets.xcassets"; sourceTree = "<group>"; };
		DFAE538B2C017190003C5D6C /* CryptoTrackerTests.xctest */ = {isa = PBXFileReference; explicitFileType = wrapper.cfbundle; includeInIndex = 0; path = CryptoTrackerTests.xctest; sourceTree = BUILT_PRODUCTS_DIR; };
		DFE9E10B2C1C7C2900278D1C /* PortfolioContainer.xcdatamodel */ = {isa = PBXFileReference; lastKnownFileType = wrapper.xcdatamodel; path = PortfolioContainer.xcdatamodel; sourceTree = "<group>"; };
		DFE9E10D2C1C886A00278D1C /* PortfolioDataService.swift */ = {isa = PBXFileReference; lastKnownFileType = sourcecode.swift; path = PortfolioDataService.swift; sourceTree = "<group>"; };
/* End PBXFileReference section */

/* Begin PBXFrameworksBuildPhase section */
		DFAE53782C01718E003C5D6C /* Frameworks */ = {
			isa = PBXFrameworksBuildPhase;
			buildActionMask = 2147483647;
			files = (
				DFA4DD572C0AACEE004DB1D5 /* Kingfisher in Frameworks */,
			);
			runOnlyForDeploymentPostprocessing = 0;
		};
		DFAE53882C017190003C5D6C /* Frameworks */ = {
			isa = PBXFrameworksBuildPhase;
			buildActionMask = 2147483647;
			files = (
			);
			runOnlyForDeploymentPostprocessing = 0;
		};
/* End PBXFrameworksBuildPhase section */

/* Begin PBXGroup section */
		DF0FC0A92C017BEA0077E0E8 /* Extensions */ = {
			isa = PBXGroup;
			children = (
				DF0FC0AA2C017C040077E0E8 /* Color.swift */,
				DF0FC0BD2C02282F0077E0E8 /* PreviewProvider.swift */,
				DF0FC0BF2C022BAC0077E0E8 /* Double.swift */,
				DFA4DD5A2C0AC077004DB1D5 /* UIApplication.swift */,
				DF7A5ED22C264D0100455D8D /* Date.swift */,
			);
			path = Extensions;
			sourceTree = "<group>";
		};
		DF0FC0AC2C017E090077E0E8 /* Core */ = {
			isa = PBXGroup;
			children = (
				DF0FC0B22C017FC30077E0E8 /* ReusableViewsCompononents */,
				DF0FC0AD2C017E1E0077E0E8 /* Home */,
				DF7A5EC52C1E74EC00455D8D /* Detail */,
			);
			path = Core;
			sourceTree = "<group>";
		};
		DF0FC0AD2C017E1E0077E0E8 /* Home */ = {
			isa = PBXGroup;
			children = (
				DF0FC0AF2C017E320077E0E8 /* ViewModels */,
				DF0FC0AE2C017E2C0077E0E8 /* Views */,
			);
			path = Home;
			sourceTree = "<group>";
		};
		DF0FC0AE2C017E2C0077E0E8 /* Views */ = {
			isa = PBXGroup;
			children = (
				DF0FC0B02C017E450077E0E8 /* HomeView.swift */,
				DFA4DD602C0B5BD6004DB1D5 /* HomeStatsView.swift */,
				DF0FC0BB2C0227CA0077E0E8 /* CoinRawView.swift */,
				DFA4DD662C0B7135004DB1D5 /* PortfolioView.swift */,
			);
			path = Views;
			sourceTree = "<group>";
		};
		DF0FC0AF2C017E320077E0E8 /* ViewModels */ = {
			isa = PBXGroup;
			children = (
				DF0FC0C12C0241AA0077E0E8 /* HomeViewModel.swift */,
			);
			path = ViewModels;
			sourceTree = "<group>";
		};
		DF0FC0B22C017FC30077E0E8 /* ReusableViewsCompononents */ = {
			isa = PBXGroup;
			children = (
				DF0FC0B32C017FEE0077E0E8 /* CircleButton */,
				DFA4DD582C0AB9C9004DB1D5 /* SearchBarView.swift */,
				DFA4DD5E2C0ACBB4004DB1D5 /* StatsisticView.swift */,
				DF8718B32C12849F00790CBF /* XMarkButton.swift */,
				DF8718B52C12A0E300790CBF /* CoinLogoView.swift */,
			);
			path = ReusableViewsCompononents;
			sourceTree = "<group>";
		};
		DF0FC0B32C017FEE0077E0E8 /* CircleButton */ = {
			isa = PBXGroup;
			children = (
				DF0FC0B42C0180160077E0E8 /* CircleButtonView.swift */,
				DF0FC0B62C018DEE0077E0E8 /* CircleButtonAnimationView.swift */,
			);
			path = CircleButton;
			sourceTree = "<group>";
		};
		DF0FC0B82C02227B0077E0E8 /* Models */ = {
			isa = PBXGroup;
			children = (
				DF0FC0B92C0222A10077E0E8 /* CoinModel.swift */,
				DFA4DD5C2C0ACB1F004DB1D5 /* StatisticModel.swift */,
				DFA4DD622C0B5F5A004DB1D5 /* MarketDataModel.swift */,
				DF7A5ECC2C1E914A00455D8D /* CoinDetailsModel.swift */,
				DFE9E10A2C1C7C2800278D1C /* PortfolioContainer.xcdatamodeld */,
			);
			path = Models;
			sourceTree = "<group>";
		};
		DF0FC0C32C02515B0077E0E8 /* Services */ = {
			isa = PBXGroup;
			children = (
				DFE9E1092C1C7BE600278D1C /* CoreData */,
				DFE9E1082C1C7AEF00278D1C /* Network */,
				DFA4DD462C0A63F7004DB1D5 /* Services */,
			);
			path = Services;
			sourceTree = "<group>";
		};
		DF7A5EC52C1E74EC00455D8D /* Detail */ = {
			isa = PBXGroup;
			children = (
				DF7A5EC72C1E750A00455D8D /* Views */,
				DF7A5EC62C1E750200455D8D /* ViewModels */,
			);
			path = Detail;
			sourceTree = "<group>";
		};
		DF7A5EC62C1E750200455D8D /* ViewModels */ = {
			isa = PBXGroup;
			children = (
				DF7A5ECA2C1E90DB00455D8D /* DetailViewModel.swift */,
			);
			path = ViewModels;
			sourceTree = "<group>";
		};
		DF7A5EC72C1E750A00455D8D /* Views */ = {
			isa = PBXGroup;
			children = (
				DF7A5EC82C1E751900455D8D /* DetailView.swift */,
				DF7A5ED02C1FE3EB00455D8D /* ChartView.swift */,
			);
			path = Views;
			sourceTree = "<group>";
		};
		DFA4DD462C0A63F7004DB1D5 /* Services */ = {
			isa = PBXGroup;
			children = (
				DF0FC0C42C0251860077E0E8 /* CoinDataService.swift */,
				DFA4DD642C0B6059004DB1D5 /* MarketDataService.swift */,
				DFE9E10D2C1C886A00278D1C /* PortfolioDataService.swift */,
				DF7A5ECE2C1E922300455D8D /* CoinDetailDataService.swift */,
			);
			path = Services;
			sourceTree = "<group>";
		};
		DFA4DD552C0AACEE004DB1D5 /* Frameworks */ = {
			isa = PBXGroup;
			children = (
			);
			name = Frameworks;
			sourceTree = "<group>";
		};
		DFAE53722C01718E003C5D6C = {
			isa = PBXGroup;
			children = (
				DFAE537D2C01718E003C5D6C /* CryptoTracker */,
				DFAE538E2C017190003C5D6C /* CryptoTrackerTests */,
				DFAE537C2C01718E003C5D6C /* Products */,
				DFA4DD552C0AACEE004DB1D5 /* Frameworks */,
			);
			sourceTree = "<group>";
		};
		DFAE537C2C01718E003C5D6C /* Products */ = {
			isa = PBXGroup;
			children = (
				DFAE537B2C01718E003C5D6C /* CryptoTracker.app */,
				DFAE538B2C017190003C5D6C /* CryptoTrackerTests.xctest */,
			);
			name = Products;
			sourceTree = "<group>";
		};
		DFAE537D2C01718E003C5D6C /* CryptoTracker */ = {
			isa = PBXGroup;
			children = (
				DFAE537E2C01718E003C5D6C /* CryptoTrackerApp.swift */,
				DF0FC0A92C017BEA0077E0E8 /* Extensions */,
				DF0FC0C32C02515B0077E0E8 /* Services */,
				DF0FC0B82C02227B0077E0E8 /* Models */,
				DF0FC0AC2C017E090077E0E8 /* Core */,
				DF0FC0A72C017B670077E0E8 /* Assets.xcassets */,
				DFAE53842C01718F003C5D6C /* Preview Content */,
			);
			path = CryptoTracker;
			sourceTree = "<group>";
		};
		DFAE53842C01718F003C5D6C /* Preview Content */ = {
			isa = PBXGroup;
			children = (
				DFAE53852C01718F003C5D6C /* Preview Assets.xcassets */,
			);
			path = "Preview Content";
			sourceTree = "<group>";
		};
		DFAE538E2C017190003C5D6C /* CryptoTrackerTests */ = {
			isa = PBXGroup;
			children = (
				DFA4DD4B2C0A6C2F004DB1D5 /* MOCKS.swift */,
				DFA4DD4D2C0A6D7F004DB1D5 /* CoinDataServiceTests.swift */,
			);
			path = CryptoTrackerTests;
			sourceTree = "<group>";
		};
		DFE9E1082C1C7AEF00278D1C /* Network */ = {
			isa = PBXGroup;
			children = (
				DFA4DD472C0A6410004DB1D5 /* NetworkManager.swift */,
				DFA4DD492C0A650A004DB1D5 /* NetworkManagerProtcol.swift */,
			);
			path = Network;
			sourceTree = "<group>";
		};
		DFE9E1092C1C7BE600278D1C /* CoreData */ = {
			isa = PBXGroup;
			children = (
			);
			path = CoreData;
			sourceTree = "<group>";
		};
/* End PBXGroup section */

/* Begin PBXNativeTarget section */
		DFAE537A2C01718E003C5D6C /* CryptoTracker */ = {
			isa = PBXNativeTarget;
			buildConfigurationList = DFAE539F2C017190003C5D6C /* Build configuration list for PBXNativeTarget "CryptoTracker" */;
			buildPhases = (
				DFAE53772C01718E003C5D6C /* Sources */,
				DFAE53782C01718E003C5D6C /* Frameworks */,
				DFAE53792C01718E003C5D6C /* Resources */,
			);
			buildRules = (
			);
			dependencies = (
			);
			name = CryptoTracker;
			packageProductDependencies = (
				DFA4DD562C0AACEE004DB1D5 /* Kingfisher */,
			);
			productName = CryptoTracker;
			productReference = DFAE537B2C01718E003C5D6C /* CryptoTracker.app */;
			productType = "com.apple.product-type.application";
		};
		DFAE538A2C017190003C5D6C /* CryptoTrackerTests */ = {
			isa = PBXNativeTarget;
			buildConfigurationList = DFAE53A22C017190003C5D6C /* Build configuration list for PBXNativeTarget "CryptoTrackerTests" */;
			buildPhases = (
				DFAE53872C017190003C5D6C /* Sources */,
				DFAE53882C017190003C5D6C /* Frameworks */,
				DFAE53892C017190003C5D6C /* Resources */,
			);
			buildRules = (
			);
			dependencies = (
				DFAE538D2C017190003C5D6C /* PBXTargetDependency */,
			);
			name = CryptoTrackerTests;
			productName = CryptoTrackerTests;
			productReference = DFAE538B2C017190003C5D6C /* CryptoTrackerTests.xctest */;
			productType = "com.apple.product-type.bundle.unit-test";
		};
/* End PBXNativeTarget section */

/* Begin PBXProject section */
		DFAE53732C01718E003C5D6C /* Project object */ = {
			isa = PBXProject;
			attributes = {
				BuildIndependentTargetsInParallel = 1;
				LastSwiftUpdateCheck = 1510;
				LastUpgradeCheck = 1510;
				TargetAttributes = {
					DFAE537A2C01718E003C5D6C = {
						CreatedOnToolsVersion = 15.1;
					};
					DFAE538A2C017190003C5D6C = {
						CreatedOnToolsVersion = 15.1;
						TestTargetID = DFAE537A2C01718E003C5D6C;
					};
				};
			};
			buildConfigurationList = DFAE53762C01718E003C5D6C /* Build configuration list for PBXProject "CryptoTracker" */;
			compatibilityVersion = "Xcode 14.0";
			developmentRegion = en;
			hasScannedForEncodings = 0;
			knownRegions = (
				en,
				Base,
			);
			mainGroup = DFAE53722C01718E003C5D6C;
			packageReferences = (
				DFA4DD542C0AAC95004DB1D5 /* XCRemoteSwiftPackageReference "Kingfisher" */,
			);
			productRefGroup = DFAE537C2C01718E003C5D6C /* Products */;
			projectDirPath = "";
			projectRoot = "";
			targets = (
				DFAE537A2C01718E003C5D6C /* CryptoTracker */,
				DFAE538A2C017190003C5D6C /* CryptoTrackerTests */,
			);
		};
/* End PBXProject section */

/* Begin PBXResourcesBuildPhase section */
		DFAE53792C01718E003C5D6C /* Resources */ = {
			isa = PBXResourcesBuildPhase;
			buildActionMask = 2147483647;
			files = (
				DFAE53862C01718F003C5D6C /* Preview Assets.xcassets in Resources */,
				DF0FC0A82C017B670077E0E8 /* Assets.xcassets in Resources */,
			);
			runOnlyForDeploymentPostprocessing = 0;
		};
		DFAE53892C017190003C5D6C /* Resources */ = {
			isa = PBXResourcesBuildPhase;
			buildActionMask = 2147483647;
			files = (
			);
			runOnlyForDeploymentPostprocessing = 0;
		};
/* End PBXResourcesBuildPhase section */

/* Begin PBXSourcesBuildPhase section */
		DFAE53772C01718E003C5D6C /* Sources */ = {
			isa = PBXSourcesBuildPhase;
			buildActionMask = 2147483647;
			files = (
				DFA4DD482C0A6410004DB1D5 /* NetworkManager.swift in Sources */,
				DF8718B62C12A0E300790CBF /* CoinLogoView.swift in Sources */,
				DF0FC0B12C017E450077E0E8 /* HomeView.swift in Sources */,
				DFAE537F2C01718E003C5D6C /* CryptoTrackerApp.swift in Sources */,
				DF7A5ECB2C1E90DB00455D8D /* DetailViewModel.swift in Sources */,
				DFA4DD5B2C0AC077004DB1D5 /* UIApplication.swift in Sources */,
				DF0FC0B72C018DEE0077E0E8 /* CircleButtonAnimationView.swift in Sources */,
				DF8718B42C12849F00790CBF /* XMarkButton.swift in Sources */,
				DF7A5EC92C1E751900455D8D /* DetailView.swift in Sources */,
				DF7A5ECD2C1E914A00455D8D /* CoinDetailsModel.swift in Sources */,
				DFA4DD652C0B6059004DB1D5 /* MarketDataService.swift in Sources */,
				DF7A5ECF2C1E922300455D8D /* CoinDetailDataService.swift in Sources */,
				DFE9E10C2C1C7C2900278D1C /* PortfolioContainer.xcdatamodeld in Sources */,
				DF0FC0C22C0241AA0077E0E8 /* HomeViewModel.swift in Sources */,
				DF0FC0B52C0180160077E0E8 /* CircleButtonView.swift in Sources */,
				DFA4DD4A2C0A650A004DB1D5 /* NetworkManagerProtcol.swift in Sources */,
				DFA4DD5D2C0ACB1F004DB1D5 /* StatisticModel.swift in Sources */,
				DF0FC0BA2C0222A10077E0E8 /* CoinModel.swift in Sources */,
				DF0FC0BE2C02282F0077E0E8 /* PreviewProvider.swift in Sources */,
				DFE9E10E2C1C886A00278D1C /* PortfolioDataService.swift in Sources */,
				DFA4DD612C0B5BD6004DB1D5 /* HomeStatsView.swift in Sources */,
				DF0FC0BC2C0227CA0077E0E8 /* CoinRawView.swift in Sources */,
				DFA4DD592C0AB9C9004DB1D5 /* SearchBarView.swift in Sources */,
				DF7A5ED12C1FE3EB00455D8D /* ChartView.swift in Sources */,
				DFA4DD5F2C0ACBB4004DB1D5 /* StatsisticView.swift in Sources */,
				DFA4DD672C0B7135004DB1D5 /* PortfolioView.swift in Sources */,
				DFA4DD632C0B5F5A004DB1D5 /* MarketDataModel.swift in Sources */,
				DF7A5ED32C264D0200455D8D /* Date.swift in Sources */,
				DF0FC0C02C022BAC0077E0E8 /* Double.swift in Sources */,
				DF0FC0AB2C017C040077E0E8 /* Color.swift in Sources */,
				DF0FC0C52C0251860077E0E8 /* CoinDataService.swift in Sources */,
			);
			runOnlyForDeploymentPostprocessing = 0;
		};
		DFAE53872C017190003C5D6C /* Sources */ = {
			isa = PBXSourcesBuildPhase;
			buildActionMask = 2147483647;
			files = (
				DFA4DD4E2C0A6D7F004DB1D5 /* CoinDataServiceTests.swift in Sources */,
				DFA4DD4C2C0A6C2F004DB1D5 /* MOCKS.swift in Sources */,
			);
			runOnlyForDeploymentPostprocessing = 0;
		};
/* End PBXSourcesBuildPhase section */

/* Begin PBXTargetDependency section */
		DFAE538D2C017190003C5D6C /* PBXTargetDependency */ = {
			isa = PBXTargetDependency;
			target = DFAE537A2C01718E003C5D6C /* CryptoTracker */;
			targetProxy = DFAE538C2C017190003C5D6C /* PBXContainerItemProxy */;
		};
/* End PBXTargetDependency section */

/* Begin XCBuildConfiguration section */
		DFAE539D2C017190003C5D6C /* Debug */ = {
			isa = XCBuildConfiguration;
			buildSettings = {
				ALWAYS_SEARCH_USER_PATHS = NO;
				ASSETCATALOG_COMPILER_GENERATE_SWIFT_ASSET_SYMBOL_EXTENSIONS = YES;
				CLANG_ANALYZER_NONNULL = YES;
				CLANG_ANALYZER_NUMBER_OBJECT_CONVERSION = YES_AGGRESSIVE;
				CLANG_CXX_LANGUAGE_STANDARD = "gnu++20";
				CLANG_ENABLE_MODULES = YES;
				CLANG_ENABLE_OBJC_ARC = YES;
				CLANG_ENABLE_OBJC_WEAK = YES;
				CLANG_WARN_BLOCK_CAPTURE_AUTORELEASING = YES;
				CLANG_WARN_BOOL_CONVERSION = YES;
				CLANG_WARN_COMMA = YES;
				CLANG_WARN_CONSTANT_CONVERSION = YES;
				CLANG_WARN_DEPRECATED_OBJC_IMPLEMENTATIONS = YES;
				CLANG_WARN_DIRECT_OBJC_ISA_USAGE = YES_ERROR;
				CLANG_WARN_DOCUMENTATION_COMMENTS = YES;
				CLANG_WARN_EMPTY_BODY = YES;
				CLANG_WARN_ENUM_CONVERSION = YES;
				CLANG_WARN_INFINITE_RECURSION = YES;
				CLANG_WARN_INT_CONVERSION = YES;
				CLANG_WARN_NON_LITERAL_NULL_CONVERSION = YES;
				CLANG_WARN_OBJC_IMPLICIT_RETAIN_SELF = YES;
				CLANG_WARN_OBJC_LITERAL_CONVERSION = YES;
				CLANG_WARN_OBJC_ROOT_CLASS = YES_ERROR;
				CLANG_WARN_QUOTED_INCLUDE_IN_FRAMEWORK_HEADER = YES;
				CLANG_WARN_RANGE_LOOP_ANALYSIS = YES;
				CLANG_WARN_STRICT_PROTOTYPES = YES;
				CLANG_WARN_SUSPICIOUS_MOVE = YES;
				CLANG_WARN_UNGUARDED_AVAILABILITY = YES_AGGRESSIVE;
				CLANG_WARN_UNREACHABLE_CODE = YES;
				CLANG_WARN__DUPLICATE_METHOD_MATCH = YES;
				COPY_PHASE_STRIP = NO;
				DEBUG_INFORMATION_FORMAT = dwarf;
				ENABLE_STRICT_OBJC_MSGSEND = YES;
				ENABLE_TESTABILITY = YES;
				ENABLE_USER_SCRIPT_SANDBOXING = YES;
				GCC_C_LANGUAGE_STANDARD = gnu17;
				GCC_DYNAMIC_NO_PIC = NO;
				GCC_NO_COMMON_BLOCKS = YES;
				GCC_OPTIMIZATION_LEVEL = 0;
				GCC_PREPROCESSOR_DEFINITIONS = (
					"DEBUG=1",
					"$(inherited)",
				);
				GCC_WARN_64_TO_32_BIT_CONVERSION = YES;
				GCC_WARN_ABOUT_RETURN_TYPE = YES_ERROR;
				GCC_WARN_UNDECLARED_SELECTOR = YES;
				GCC_WARN_UNINITIALIZED_AUTOS = YES_AGGRESSIVE;
				GCC_WARN_UNUSED_FUNCTION = YES;
				GCC_WARN_UNUSED_VARIABLE = YES;
				IPHONEOS_DEPLOYMENT_TARGET = 17.2;
				LOCALIZATION_PREFERS_STRING_CATALOGS = YES;
				MTL_ENABLE_DEBUG_INFO = INCLUDE_SOURCE;
				MTL_FAST_MATH = YES;
				ONLY_ACTIVE_ARCH = YES;
				SDKROOT = iphoneos;
				SWIFT_ACTIVE_COMPILATION_CONDITIONS = "DEBUG $(inherited)";
				SWIFT_OPTIMIZATION_LEVEL = "-Onone";
			};
			name = Debug;
		};
		DFAE539E2C017190003C5D6C /* Release */ = {
			isa = XCBuildConfiguration;
			buildSettings = {
				ALWAYS_SEARCH_USER_PATHS = NO;
				ASSETCATALOG_COMPILER_GENERATE_SWIFT_ASSET_SYMBOL_EXTENSIONS = YES;
				CLANG_ANALYZER_NONNULL = YES;
				CLANG_ANALYZER_NUMBER_OBJECT_CONVERSION = YES_AGGRESSIVE;
				CLANG_CXX_LANGUAGE_STANDARD = "gnu++20";
				CLANG_ENABLE_MODULES = YES;
				CLANG_ENABLE_OBJC_ARC = YES;
				CLANG_ENABLE_OBJC_WEAK = YES;
				CLANG_WARN_BLOCK_CAPTURE_AUTORELEASING = YES;
				CLANG_WARN_BOOL_CONVERSION = YES;
				CLANG_WARN_COMMA = YES;
				CLANG_WARN_CONSTANT_CONVERSION = YES;
				CLANG_WARN_DEPRECATED_OBJC_IMPLEMENTATIONS = YES;
				CLANG_WARN_DIRECT_OBJC_ISA_USAGE = YES_ERROR;
				CLANG_WARN_DOCUMENTATION_COMMENTS = YES;
				CLANG_WARN_EMPTY_BODY = YES;
				CLANG_WARN_ENUM_CONVERSION = YES;
				CLANG_WARN_INFINITE_RECURSION = YES;
				CLANG_WARN_INT_CONVERSION = YES;
				CLANG_WARN_NON_LITERAL_NULL_CONVERSION = YES;
				CLANG_WARN_OBJC_IMPLICIT_RETAIN_SELF = YES;
				CLANG_WARN_OBJC_LITERAL_CONVERSION = YES;
				CLANG_WARN_OBJC_ROOT_CLASS = YES_ERROR;
				CLANG_WARN_QUOTED_INCLUDE_IN_FRAMEWORK_HEADER = YES;
				CLANG_WARN_RANGE_LOOP_ANALYSIS = YES;
				CLANG_WARN_STRICT_PROTOTYPES = YES;
				CLANG_WARN_SUSPICIOUS_MOVE = YES;
				CLANG_WARN_UNGUARDED_AVAILABILITY = YES_AGGRESSIVE;
				CLANG_WARN_UNREACHABLE_CODE = YES;
				CLANG_WARN__DUPLICATE_METHOD_MATCH = YES;
				COPY_PHASE_STRIP = NO;
				DEBUG_INFORMATION_FORMAT = "dwarf-with-dsym";
				ENABLE_NS_ASSERTIONS = NO;
				ENABLE_STRICT_OBJC_MSGSEND = YES;
				ENABLE_USER_SCRIPT_SANDBOXING = YES;
				GCC_C_LANGUAGE_STANDARD = gnu17;
				GCC_NO_COMMON_BLOCKS = YES;
				GCC_WARN_64_TO_32_BIT_CONVERSION = YES;
				GCC_WARN_ABOUT_RETURN_TYPE = YES_ERROR;
				GCC_WARN_UNDECLARED_SELECTOR = YES;
				GCC_WARN_UNINITIALIZED_AUTOS = YES_AGGRESSIVE;
				GCC_WARN_UNUSED_FUNCTION = YES;
				GCC_WARN_UNUSED_VARIABLE = YES;
				IPHONEOS_DEPLOYMENT_TARGET = 17.2;
				LOCALIZATION_PREFERS_STRING_CATALOGS = YES;
				MTL_ENABLE_DEBUG_INFO = NO;
				MTL_FAST_MATH = YES;
				SDKROOT = iphoneos;
				SWIFT_COMPILATION_MODE = wholemodule;
				VALIDATE_PRODUCT = YES;
			};
			name = Release;
		};
		DFAE53A02C017190003C5D6C /* Debug */ = {
			isa = XCBuildConfiguration;
			buildSettings = {
				ASSETCATALOG_COMPILER_APPICON_NAME = AppIcon;
				ASSETCATALOG_COMPILER_GLOBAL_ACCENT_COLOR_NAME = AccentColor;
				CODE_SIGN_STYLE = Automatic;
				CURRENT_PROJECT_VERSION = 1;
				DEVELOPMENT_ASSET_PATHS = "\"CryptoTracker/Preview Content\"";
				ENABLE_PREVIEWS = YES;
				GENERATE_INFOPLIST_FILE = YES;
				INFOPLIST_KEY_CFBundleDisplayName = "Crypto Tracker";
				INFOPLIST_KEY_UIApplicationSceneManifest_Generation = YES;
				INFOPLIST_KEY_UIApplicationSupportsIndirectInputEvents = YES;
				INFOPLIST_KEY_UILaunchScreen_Generation = YES;
				INFOPLIST_KEY_UISupportedInterfaceOrientations = UIInterfaceOrientationPortrait;
				INFOPLIST_KEY_UISupportedInterfaceOrientations_iPad = "UIInterfaceOrientationLandscapeLeft UIInterfaceOrientationLandscapeRight UIInterfaceOrientationPortrait UIInterfaceOrientationPortraitUpsideDown";
				LD_RUNPATH_SEARCH_PATHS = (
					"$(inherited)",
					"@executable_path/Frameworks",
				);
				MARKETING_VERSION = 1.0;
				PRODUCT_BUNDLE_IDENTIFIER = cc.CryptoTracker;
				PRODUCT_NAME = "$(TARGET_NAME)";
				SUPPORTED_PLATFORMS = "iphoneos iphonesimulator";
				SUPPORTS_MACCATALYST = NO;
				SUPPORTS_MAC_DESIGNED_FOR_IPHONE_IPAD = NO;
				SWIFT_EMIT_LOC_STRINGS = YES;
				SWIFT_VERSION = 5.0;
				TARGETED_DEVICE_FAMILY = "1,2";
			};
			name = Debug;
		};
		DFAE53A12C017190003C5D6C /* Release */ = {
			isa = XCBuildConfiguration;
			buildSettings = {
				ASSETCATALOG_COMPILER_APPICON_NAME = AppIcon;
				ASSETCATALOG_COMPILER_GLOBAL_ACCENT_COLOR_NAME = AccentColor;
				CODE_SIGN_STYLE = Automatic;
				CURRENT_PROJECT_VERSION = 1;
				DEVELOPMENT_ASSET_PATHS = "\"CryptoTracker/Preview Content\"";
				ENABLE_PREVIEWS = YES;
				GENERATE_INFOPLIST_FILE = YES;
				INFOPLIST_KEY_CFBundleDisplayName = "Crypto Tracker";
				INFOPLIST_KEY_UIApplicationSceneManifest_Generation = YES;
				INFOPLIST_KEY_UIApplicationSupportsIndirectInputEvents = YES;
				INFOPLIST_KEY_UILaunchScreen_Generation = YES;
				INFOPLIST_KEY_UISupportedInterfaceOrientations = UIInterfaceOrientationPortrait;
				INFOPLIST_KEY_UISupportedInterfaceOrientations_iPad = "UIInterfaceOrientationLandscapeLeft UIInterfaceOrientationLandscapeRight UIInterfaceOrientationPortrait UIInterfaceOrientationPortraitUpsideDown";
				LD_RUNPATH_SEARCH_PATHS = (
					"$(inherited)",
					"@executable_path/Frameworks",
				);
				MARKETING_VERSION = 1.0;
				PRODUCT_BUNDLE_IDENTIFIER = cc.CryptoTracker;
				PRODUCT_NAME = "$(TARGET_NAME)";
				SUPPORTED_PLATFORMS = "iphoneos iphonesimulator";
				SUPPORTS_MACCATALYST = NO;
				SUPPORTS_MAC_DESIGNED_FOR_IPHONE_IPAD = NO;
				SWIFT_EMIT_LOC_STRINGS = YES;
				SWIFT_VERSION = 5.0;
				TARGETED_DEVICE_FAMILY = "1,2";
			};
			name = Release;
		};
		DFAE53A32C017190003C5D6C /* Debug */ = {
			isa = XCBuildConfiguration;
			buildSettings = {
				ALWAYS_EMBED_SWIFT_STANDARD_LIBRARIES = YES;
				BUNDLE_LOADER = "$(TEST_HOST)";
				CODE_SIGN_STYLE = Automatic;
				CURRENT_PROJECT_VERSION = 1;
				GENERATE_INFOPLIST_FILE = YES;
				IPHONEOS_DEPLOYMENT_TARGET = 17.2;
				MARKETING_VERSION = 1.0;
				PRODUCT_BUNDLE_IDENTIFIER = cc.CryptoTrackerTests;
				PRODUCT_NAME = "$(TARGET_NAME)";
				SWIFT_EMIT_LOC_STRINGS = NO;
				SWIFT_VERSION = 5.0;
				TARGETED_DEVICE_FAMILY = "1,2";
				TEST_HOST = "$(BUILT_PRODUCTS_DIR)/CryptoTracker.app/$(BUNDLE_EXECUTABLE_FOLDER_PATH)/CryptoTracker";
			};
			name = Debug;
		};
		DFAE53A42C017190003C5D6C /* Release */ = {
			isa = XCBuildConfiguration;
			buildSettings = {
				ALWAYS_EMBED_SWIFT_STANDARD_LIBRARIES = YES;
				BUNDLE_LOADER = "$(TEST_HOST)";
				CODE_SIGN_STYLE = Automatic;
				CURRENT_PROJECT_VERSION = 1;
				GENERATE_INFOPLIST_FILE = YES;
				IPHONEOS_DEPLOYMENT_TARGET = 17.2;
				MARKETING_VERSION = 1.0;
				PRODUCT_BUNDLE_IDENTIFIER = cc.CryptoTrackerTests;
				PRODUCT_NAME = "$(TARGET_NAME)";
				SWIFT_EMIT_LOC_STRINGS = NO;
				SWIFT_VERSION = 5.0;
				TARGETED_DEVICE_FAMILY = "1,2";
				TEST_HOST = "$(BUILT_PRODUCTS_DIR)/CryptoTracker.app/$(BUNDLE_EXECUTABLE_FOLDER_PATH)/CryptoTracker";
			};
			name = Release;
		};
/* End XCBuildConfiguration section */

/* Begin XCConfigurationList section */
		DFAE53762C01718E003C5D6C /* Build configuration list for PBXProject "CryptoTracker" */ = {
			isa = XCConfigurationList;
			buildConfigurations = (
				DFAE539D2C017190003C5D6C /* Debug */,
				DFAE539E2C017190003C5D6C /* Release */,
			);
			defaultConfigurationIsVisible = 0;
			defaultConfigurationName = Release;
		};
		DFAE539F2C017190003C5D6C /* Build configuration list for PBXNativeTarget "CryptoTracker" */ = {
			isa = XCConfigurationList;
			buildConfigurations = (
				DFAE53A02C017190003C5D6C /* Debug */,
				DFAE53A12C017190003C5D6C /* Release */,
			);
			defaultConfigurationIsVisible = 0;
			defaultConfigurationName = Release;
		};
		DFAE53A22C017190003C5D6C /* Build configuration list for PBXNativeTarget "CryptoTrackerTests" */ = {
			isa = XCConfigurationList;
			buildConfigurations = (
				DFAE53A32C017190003C5D6C /* Debug */,
				DFAE53A42C017190003C5D6C /* Release */,
			);
			defaultConfigurationIsVisible = 0;
			defaultConfigurationName = Release;
		};
/* End XCConfigurationList section */

/* Begin XCRemoteSwiftPackageReference section */
		DFA4DD542C0AAC95004DB1D5 /* XCRemoteSwiftPackageReference "Kingfisher" */ = {
			isa = XCRemoteSwiftPackageReference;
			repositoryURL = "https://github.com/onevcat/Kingfisher";
			requirement = {
				kind = upToNextMajorVersion;
				minimumVersion = 7.11.0;
			};
		};
/* End XCRemoteSwiftPackageReference section */

/* Begin XCSwiftPackageProductDependency section */
		DFA4DD562C0AACEE004DB1D5 /* Kingfisher */ = {
			isa = XCSwiftPackageProductDependency;
			package = DFA4DD542C0AAC95004DB1D5 /* XCRemoteSwiftPackageReference "Kingfisher" */;
			productName = Kingfisher;
		};
/* End XCSwiftPackageProductDependency section */

/* Begin XCVersionGroup section */
		DFE9E10A2C1C7C2800278D1C /* PortfolioContainer.xcdatamodeld */ = {
			isa = XCVersionGroup;
			children = (
				DFE9E10B2C1C7C2900278D1C /* PortfolioContainer.xcdatamodel */,
			);
			currentVersion = DFE9E10B2C1C7C2900278D1C /* PortfolioContainer.xcdatamodel */;
			name = PortfolioContainer.xcdatamodeld;
			path = /Users/omaraltali/Desktop/CryptoTracker/CryptoTracker/CryptoTracker/Models/PortfolioContainer.xcdatamodeld;
			sourceTree = "<group>";
			versionGroupType = wrapper.xcdatamodel;
		};
/* End XCVersionGroup section */
	};
	rootObject = DFAE53732C01718E003C5D6C /* Project object */;
}
